{
  "version": 1,
  "dependencies": {
    "net10.0-windows7.0": {
      "NAudio": {
        "type": "Direct",
        "requested": "[3.0.0, )",
        "resolved": "3.0.0",
        "contentHash": "ZPB4QJyVpMXOBpzwASEjiqVKbtTM+81eex7VMNOP31P0f3kqNhJL3v/C7DooVcta5PkSxtx4NH8l/UGUKawW1g==",
        "dependencies": {
          "NAudio.Core": "3.0.0",
          "NAudio.Midi": "3.0.0"
        }
      },
      "NAudio.Core": {
        "type": "Transitive",
        "resolved": "3.0.0",
        "contentHash": "uEX5xkjbUQ3w8XVuqcX1iMRr0avhOdn2WFiPL2X/kF72anSJSgdLhpkxCxr6N1hQr+hWx1L5lNJJeg0sh6xBiw==",
        "dependencies": {
          "System.Numerics.Tensors": "9.0.0"
        }
      },
      "NAudio.Midi": {
        "type": "Transitive",
        "resolved": "3.0.0",
        "contentHash": "h3VjMTBoBAOw63W7mMrv1kHdRQZkuayTpYrUsusUolORkmgfFiMg8eM4VHwgMBcOgm14997B/r7EojavMBu6CQ==",
        "dependencies": {
          "NAudio.Core": "3.0.0"
        }
      },
      "System.Numerics.Tensors": {
        "type": "Transitive",
        "resolved": "9.0.0",
        "contentHash": "hyJB4UlpAi19Xr9AXzu2NuagKC4lPfHObNMEAA0HmqFz2rX7wKgzeYzO/jM/eBHDhnUGFFEjk5cOoJaxqg5J4A=="
      },
      "lanswitch.core": {
        "type": "Project"
      },
      "lanswitch.windows": {
        "type": "Project",
        "dependencies": {
          "LanSwitch.Core": "[0.1.0-alpha.6, )"
        }
      }
    },
    "net10.0-windows7.0/linux-x64": {},
    "net10.0-windows7.0/win-x64": {}
  }
}